github.com/pastelnetwork/go-raptorq v0.0.0-20210416110722-a687e8ad6361 h1:2LAxo3Hjk9Mj37NnMtymbeRhvfa6+UBgLq5UY1SaYSE=
github.com/pastelnetwork/go-raptorq v0.0.0-20210416110722-a687e8ad6361/go.mod h1:JZhnHDYXsMrltmu+FQjflXJ6W+iHGQlohaDH+QaevCU=
github.com/pastelnetwork/go-raptorq v0.0.0-20210419132923-39d205d0c4fe h1:XSwmMbnrY+Zgy8SKb0ZDhdv2rJ4r8hKtPupS0COLg5M=
github.com/pastelnetwork/go-raptorq v0.0.0-20210419132923-39d205d0c4fe/go.mod h1:JZhnHDYXsMrltmu+FQjflXJ6W+iHGQlohaDH+QaevCU=
github.com/pastelnetwork/go-raptorq v0.0.0-20210419174807-04225cd272f2 h1:MSwdQ9IXfnbuXBHi+Y0wrcBn+58PjIi2QHXmpkJ3Igk=
github.com/pastelnetwork/go-raptorq v0.0.0-20210419174807-04225cd272f2/go.mod h1:JZhnHDYXsMrltmu+FQjflXJ6W+iHGQlohaDH+QaevCU=
golang.org/x/crypto v0.0.0-20210415154028-4f45737414dc h1:+q90ECDSAQirdykUN6sPEiBXBsp8Csjcca8Oy7bgLTA=
golang.org/x/crypto v0.0.0-20210415154028-4f45737414dc/go.mod h1:T9bdIzuCu7OtxOm1hfPfRQxPLYneinmdGuTeoZ9dtd4=
golang.org/x/net v0.0.0-20210226172049-e18ecbb05110/go.mod h1:m0MpNAwzfU5UDzcl9v0D8zg8gWTRqZa9RBIspLL5mdg=
golang.org/x/sys v0.0.0-20201119102817-f84b799fce68 h1:nxC68pudNYkKU6jWhgrqdreuFiOQWj1Fs7T3VrH4Pjw=
golang.org/x/sys v0.0.0-20201119102817-f84b799fce68/go.mod h1:h1NjWce9XRLGQEsW7wpKNCjG9DtNlClVuFLEZdDNbEs=
golang.org/x/term v0.0.0-20201126162022-7de9c90e9dd1/go.mod h1:bj7SfCRtBDWHUb9snDiAeCFNEtKQo2Wmx5Cou7ajbmo=
golang.org/x/text v0.3.3/go.mod h1:5Zoc/QRtKVWzQhOtBMvqHzDpF6irO9z98xDceosuGiQ=
golang.org/x/tools v0.0.0-20180917221912-90fa682c2a6e/go.mod h1:n7NCudcB/nEzxVGmLbDWY5pfWTLqBcC2KZ6jyYvM4mQ=
